
Microsoft Visual Studio Solution File, Format Version 12.00
# Visual Studio Version 16
VisualStudioVersion = 16.0.30611.23
MinimumVisualStudioVersion = 10.0.40219.1
Project("{FAE04EC0-301F-11D3-BF4B-00C04F79EFBC}") = "Tessa", "Tessa.csproj", "{F2B21B99-6C48-4439-8304-46B83DE2A6B6}"
EndProject
Global
	GlobalSection(SolutionConfigurationPlatforms) = preSolution
		Debug|Any CPU = Debug|Any CPU
		Release|Any CPU = Release|Any CPU
	EndGlobalSection
	GlobalSection(ProjectConfigurationPlatforms) = postSolution
		{F2B21B99-6C48-4439-8304-46B83DE2A6B6}.Debug|Any CPU.ActiveCfg = Debug|Any CPU
		{F2B21B99-6C48-4439-8304-46B83DE2A6B6}.Debug|Any CPU.Build.0 = Debug|Any CPU
		{F2B21B99-6C48-4439-8304-46B83DE2A6B6}.Release|Any CPU.ActiveCfg = Release|Any CPU
		{F2B21B99-6C48-4439-8304-46B83DE2A6B6}.Release|Any CPU.Build.0 = Release|Any CPU
	EndGlobalSection
	GlobalSection(SolutionProperties) = preSolution
		HideSolutionNode = FALSE
	EndGlobalSection
	GlobalSection(ExtensibilityGlobals) = postSolution
		SolutionGuid = {A7F0AA44-EB6C-4A34-96CE-EDD0FFD90E3E}
	EndGlobalSection
EndGlobal
